
Microsoft Visual Studio Solution File, Format Version 12.00
# Visual Studio Version 17
VisualStudioVersion = 17.9.34622.214
MinimumVisualStudioVersion = 10.0.40219.1
Project("{FAE04EC0-301F-11D3-BF4B-00C04F79EFBC}") = "TripLoggerPublic", "TripLoggerPublic\TripLoggerPublic.csproj", "{D53E60B0-9527-48C0-B7F5-5D70EE7B0CD5}"
EndProject
Global
	GlobalSection(SolutionConfigurationPlatforms) = preSolution
		Debug|Any CPU = Debug|Any CPU
		Release|Any CPU = Release|Any CPU
	EndGlobalSection
	GlobalSection(ProjectConfigurationPlatforms) = postSolution
		{D53E60B0-9527-48C0-B7F5-5D70EE7B0CD5}.Debug|Any CPU.ActiveCfg = Debug|Any CPU
		{D53E60B0-9527-48C0-B7F5-5D70EE7B0CD5}.Debug|Any CPU.Build.0 = Debug|Any CPU
		{D53E60B0-9527-48C0-B7F5-5D70EE7B0CD5}.Debug|Any CPU.Deploy.0 = Debug|Any CPU
		{D53E60B0-9527-48C0-B7F5-5D70EE7B0CD5}.Release|Any CPU.ActiveCfg = Release|Any CPU
		{D53E60B0-9527-48C0-B7F5-5D70EE7B0CD5}.Release|Any CPU.Build.0 = Release|Any CPU
		{D53E60B0-9527-48C0-B7F5-5D70EE7B0CD5}.Release|Any CPU.Deploy.0 = Release|Any CPU
	EndGlobalSection
	GlobalSection(SolutionProperties) = preSolution
		HideSolutionNode = FALSE
	EndGlobalSection
	GlobalSection(ExtensibilityGlobals) = postSolution
		SolutionGuid = {FE866EE9-B7ED-48D4-A319-201DC652866B}
	EndGlobalSection
EndGlobal
